// !$*UTF8*$!
{
	archiveVersion = 1;
	classes = {
	};
	objectVersion = 50;
	objects = {

/* Begin PBXBuildFile section */
		57769AF024237EF50092D6B9 /* AppDelegate.swift in Sources */ = {isa = PBXBuildFile; fileRef = 57769AEF24237EF50092D6B9 /* AppDelegate.swift */; };
		57769AF424237EF50092D6B9 /* ViewController.swift in Sources */ = {isa = PBXBuildFile; fileRef = 57769AF324237EF50092D6B9 /* ViewController.swift */; };
		57769AF724237EF50092D6B9 /* Main.storyboard in Resources */ = {isa = PBXBuildFile; fileRef = 57769AF524237EF50092D6B9 /* Main.storyboard */; };
		57769AF924237EF60092D6B9 /* Assets.xcassets in Resources */ = {isa = PBXBuildFile; fileRef = 57769AF824237EF60092D6B9 /* Assets.xcassets */; };
		57769AFC24237EF60092D6B9 /* LaunchScreen.storyboard in Resources */ = {isa = PBXBuildFile; fileRef = 57769AFA24237EF60092D6B9 /* LaunchScreen.storyboard */; };
		57769B0724237EF70092D6B9 /* OTPTextFieldExampleTests.swift in Sources */ = {isa = PBXBuildFile; fileRef = 57769B0624237EF70092D6B9 /* OTPTextFieldExampleTests.swift */; };
		57769B14242381240092D6B9 /* BaseInputView.swift in Sources */ = {isa = PBXBuildFile; fileRef = 57769B13242381240092D6B9 /* BaseInputView.swift */; };
		57769B172423834E0092D6B9 /* OTPFieldConfiguration.swift in Sources */ = {isa = PBXBuildFile; fileRef = 57769B162423834E0092D6B9 /* OTPFieldConfiguration.swift */; };
		57769B1B242383E00092D6B9 /* OTPTextFieldData.swift in Sources */ = {isa = PBXBuildFile; fileRef = 57769B1A242383E00092D6B9 /* OTPTextFieldData.swift */; };
		57769B1D242383F50092D6B9 /* PinContainer.swift in Sources */ = {isa = PBXBuildFile; fileRef = 57769B1C242383F50092D6B9 /* PinContainer.swift */; };
		57769B1F2423841C0092D6B9 /* OTPTextField.swift in Sources */ = {isa = PBXBuildFile; fileRef = 57769B1E2423841C0092D6B9 /* OTPTextField.swift */; };
		57769B22242384640092D6B9 /* Array.swift in Sources */ = {isa = PBXBuildFile; fileRef = 57769B21242384640092D6B9 /* Array.swift */; };
		57769B2A242388C80092D6B9 /* DefaultPinedView.swift in Sources */ = {isa = PBXBuildFile; fileRef = 57769B29242388C80092D6B9 /* DefaultPinedView.swift */; };
		57769B2C242388D30092D6B9 /* DefaultPinedView.xib in Resources */ = {isa = PBXBuildFile; fileRef = 57769B2B242388D30092D6B9 /* DefaultPinedView.xib */; };
		57769B2F24238C3D0092D6B9 /* DefaultTextFieldAdapter.swift in Sources */ = {isa = PBXBuildFile; fileRef = 57769B2E24238C3D0092D6B9 /* DefaultTextFieldAdapter.swift */; };
		57769B3124238F5F0092D6B9 /* UIView.swift in Sources */ = {isa = PBXBuildFile; fileRef = 57769B3024238F5F0092D6B9 /* UIView.swift */; };
/* End PBXBuildFile section */

/* Begin PBXContainerItemProxy section */
		57769B0324237EF70092D6B9 /* PBXContainerItemProxy */ = {
			isa = PBXContainerItemProxy;
			containerPortal = 57769AE424237EF50092D6B9 /* Project object */;
			proxyType = 1;
			remoteGlobalIDString = 57769AEB24237EF50092D6B9;
			remoteInfo = OTPTextFieldExample;
		};
/* End PBXContainerItemProxy section */

/* Begin PBXFileReference section */
		57769AEC24237EF50092D6B9 /* OTPTextFieldExample.app */ = {isa = PBXFileReference; explicitFileType = wrapper.application; includeInIndex = 0; path = OTPTextFieldExample.app; sourceTree = BUILT_PRODUCTS_DIR; };
		57769AEF24237EF50092D6B9 /* AppDelegate.swift */ = {isa = PBXFileReference; lastKnownFileType = sourcecode.swift; path = AppDelegate.swift; sourceTree = "<group>"; };
		57769AF324237EF50092D6B9 /* ViewController.swift */ = {isa = PBXFileReference; lastKnownFileType = sourcecode.swift; path = ViewController.swift; sourceTree = "<group>"; };
		57769AF624237EF50092D6B9 /* Base */ = {isa = PBXFileReference; lastKnownFileType = file.storyboard; name = Base; path = Base.lproj/Main.storyboard; sourceTree = "<group>"; };
		57769AF824237EF60092D6B9 /* Assets.xcassets */ = {isa = PBXFileReference; lastKnownFileType = folder.assetcatalog; path = Assets.xcassets; sourceTree = "<group>"; };
		57769AFB24237EF60092D6B9 /* Base */ = {isa = PBXFileReference; lastKnownFileType = file.storyboard; name = Base; path = Base.lproj/LaunchScreen.storyboard; sourceTree = "<group>"; };
		57769AFD24237EF60092D6B9 /* Info.plist */ = {isa = PBXFileReference; lastKnownFileType = text.plist.xml; path = Info.plist; sourceTree = "<group>"; };
		57769B0224237EF70092D6B9 /* OTPTextFieldExampleTests.xctest */ = {isa = PBXFileReference; explicitFileType = wrapper.cfbundle; includeInIndex = 0; path = OTPTextFieldExampleTests.xctest; sourceTree = BUILT_PRODUCTS_DIR; };
		57769B0624237EF70092D6B9 /* OTPTextFieldExampleTests.swift */ = {isa = PBXFileReference; lastKnownFileType = sourcecode.swift; path = OTPTextFieldExampleTests.swift; sourceTree = "<group>"; };
		57769B0824237EF70092D6B9 /* Info.plist */ = {isa = PBXFileReference; lastKnownFileType = text.plist.xml; path = Info.plist; sourceTree = "<group>"; };
		57769B13242381240092D6B9 /* BaseInputView.swift */ = {isa = PBXFileReference; lastKnownFileType = sourcecode.swift; path = BaseInputView.swift; sourceTree = "<group>"; };
		57769B162423834E0092D6B9 /* OTPFieldConfiguration.swift */ = {isa = PBXFileReference; lastKnownFileType = sourcecode.swift; path = OTPFieldConfiguration.swift; sourceTree = "<group>"; };
		57769B1A242383E00092D6B9 /* OTPTextFieldData.swift */ = {isa = PBXFileReference; lastKnownFileType = sourcecode.swift; path = OTPTextFieldData.swift; sourceTree = "<group>"; };
		57769B1C242383F50092D6B9 /* PinContainer.swift */ = {isa = PBXFileReference; lastKnownFileType = sourcecode.swift; path = PinContainer.swift; sourceTree = "<group>"; };
		57769B1E2423841C0092D6B9 /* OTPTextField.swift */ = {isa = PBXFileReference; lastKnownFileType = sourcecode.swift; path = OTPTextField.swift; sourceTree = "<group>"; };
		57769B21242384640092D6B9 /* Array.swift */ = {isa = PBXFileReference; lastKnownFileType = sourcecode.swift; path = Array.swift; sourceTree = "<group>"; };
		57769B29242388C80092D6B9 /* DefaultPinedView.swift */ = {isa = PBXFileReference; lastKnownFileType = sourcecode.swift; path = DefaultPinedView.swift; sourceTree = "<group>"; };
		57769B2B242388D30092D6B9 /* DefaultPinedView.xib */ = {isa = PBXFileReference; lastKnownFileType = file.xib; path = DefaultPinedView.xib; sourceTree = "<group>"; };
		57769B2E24238C3D0092D6B9 /* DefaultTextFieldAdapter.swift */ = {isa = PBXFileReference; lastKnownFileType = sourcecode.swift; path = DefaultTextFieldAdapter.swift; sourceTree = "<group>"; };
		57769B3024238F5F0092D6B9 /* UIView.swift */ = {isa = PBXFileReference; lastKnownFileType = sourcecode.swift; path = UIView.swift; sourceTree = "<group>"; };
/* End PBXFileReference section */

/* Begin PBXFrameworksBuildPhase section */
		57769AE924237EF50092D6B9 /* Frameworks */ = {
			isa = PBXFrameworksBuildPhase;
			buildActionMask = 2147483647;
			files = (
			);
			runOnlyForDeploymentPostprocessing = 0;
		};
		57769AFF24237EF70092D6B9 /* Frameworks */ = {
			isa = PBXFrameworksBuildPhase;
			buildActionMask = 2147483647;
			files = (
			);
			runOnlyForDeploymentPostprocessing = 0;
		};
/* End PBXFrameworksBuildPhase section */

/* Begin PBXGroup section */
		57769AE324237EF50092D6B9 = {
			isa = PBXGroup;
			children = (
				57769AEE24237EF50092D6B9 /* OTPTextFieldExample */,
				57769B0524237EF70092D6B9 /* OTPTextFieldExampleTests */,
				57769AED24237EF50092D6B9 /* Products */,
			);
			sourceTree = "<group>";
		};
		57769AED24237EF50092D6B9 /* Products */ = {
			isa = PBXGroup;
			children = (
				57769AEC24237EF50092D6B9 /* OTPTextFieldExample.app */,
				57769B0224237EF70092D6B9 /* OTPTextFieldExampleTests.xctest */,
			);
			name = Products;
			sourceTree = "<group>";
		};
		57769AEE24237EF50092D6B9 /* OTPTextFieldExample */ = {
			isa = PBXGroup;
			children = (
				57769B112423805F0092D6B9 /* OTPTextField */,
				57769AEF24237EF50092D6B9 /* AppDelegate.swift */,
				57769AF324237EF50092D6B9 /* ViewController.swift */,
				57769AF524237EF50092D6B9 /* Main.storyboard */,
				57769AF824237EF60092D6B9 /* Assets.xcassets */,
				57769AFA24237EF60092D6B9 /* LaunchScreen.storyboard */,
				57769AFD24237EF60092D6B9 /* Info.plist */,
			);
			path = OTPTextFieldExample;
			sourceTree = "<group>";
		};
		57769B0524237EF70092D6B9 /* OTPTextFieldExampleTests */ = {
			isa = PBXGroup;
			children = (
				57769B0624237EF70092D6B9 /* OTPTextFieldExampleTests.swift */,
				57769B0824237EF70092D6B9 /* Info.plist */,
			);
			path = OTPTextFieldExampleTests;
			sourceTree = "<group>";
		};
		57769B112423805F0092D6B9 /* OTPTextField */ = {
			isa = PBXGroup;
			children = (
				57769B24242387F30092D6B9 /* TextField */,
				57769B232423854D0092D6B9 /* Library */,
			);
			path = OTPTextField;
			sourceTree = "<group>";
		};
		57769B122423810F0092D6B9 /* BaseClasses */ = {
			isa = PBXGroup;
			children = (
				57769B13242381240092D6B9 /* BaseInputView.swift */,
			);
			path = BaseClasses;
			sourceTree = "<group>";
		};
		57769B15242383370092D6B9 /* Configuration */ = {
			isa = PBXGroup;
			children = (
				57769B162423834E0092D6B9 /* OTPFieldConfiguration.swift */,
			);
			path = Configuration;
			sourceTree = "<group>";
		};
		57769B19242383C80092D6B9 /* Protocols */ = {
			isa = PBXGroup;
			children = (
				57769B1A242383E00092D6B9 /* OTPTextFieldData.swift */,
				57769B1C242383F50092D6B9 /* PinContainer.swift */,
			);
			path = Protocols;
			sourceTree = "<group>";
		};
		57769B202423842F0092D6B9 /* Extensions */ = {
			isa = PBXGroup;
			children = (
				57769B21242384640092D6B9 /* Array.swift */,
				57769B3024238F5F0092D6B9 /* UIView.swift */,
			);
			path = Extensions;
			sourceTree = "<group>";
		};
		57769B232423854D0092D6B9 /* Library */ = {
			isa = PBXGroup;
			children = (
				57769B122423810F0092D6B9 /* BaseClasses */,
				57769B19242383C80092D6B9 /* Protocols */,
				57769B202423842F0092D6B9 /* Extensions */,
			);
			path = Library;
			sourceTree = "<group>";
		};
		57769B24242387F30092D6B9 /* TextField */ = {
			isa = PBXGroup;
			children = (
				57769B26242388520092D6B9 /* Default */,
				57769B15242383370092D6B9 /* Configuration */,
				57769B1E2423841C0092D6B9 /* OTPTextField.swift */,
			);
			path = TextField;
			sourceTree = "<group>";
		};
		57769B25242388380092D6B9 /* Adapter */ = {
			isa = PBXGroup;
			children = (
				57769B2D24238C2B0092D6B9 /* DefaultTextFieldAdapter */,
			);
			path = Adapter;
			sourceTree = "<group>";
		};
		57769B26242388520092D6B9 /* Default */ = {
			isa = PBXGroup;
			children = (
				57769B272423885E0092D6B9 /* PinViews */,
				57769B25242388380092D6B9 /* Adapter */,
			);
			path = Default;
			sourceTree = "<group>";
		};
		57769B272423885E0092D6B9 /* PinViews */ = {
			isa = PBXGroup;
			children = (
				57769B282423889D0092D6B9 /* DefaultPinedView */,
			);
			path = PinViews;
			sourceTree = "<group>";
		};
		57769B282423889D0092D6B9 /* DefaultPinedView */ = {
			isa = PBXGroup;
			children = (
				57769B29242388C80092D6B9 /* DefaultPinedView.swift */,
				57769B2B242388D30092D6B9 /* DefaultPinedView.xib */,
			);
			path = DefaultPinedView;
			sourceTree = "<group>";
		};
		57769B2D24238C2B0092D6B9 /* DefaultTextFieldAdapter */ = {
			isa = PBXGroup;
			children = (
				57769B2E24238C3D0092D6B9 /* DefaultTextFieldAdapter.swift */,
			);
			path = DefaultTextFieldAdapter;
			sourceTree = "<group>";
		};
/* End PBXGroup section */

/* Begin PBXNativeTarget section */
		57769AEB24237EF50092D6B9 /* OTPTextFieldExample */ = {
			isa = PBXNativeTarget;
			buildConfigurationList = 57769B0B24237EF70092D6B9 /* Build configuration list for PBXNativeTarget "OTPTextFieldExample" */;
			buildPhases = (
				57769AE824237EF50092D6B9 /* Sources */,
				57769AE924237EF50092D6B9 /* Frameworks */,
				57769AEA24237EF50092D6B9 /* Resources */,
			);
			buildRules = (
			);
			dependencies = (
			);
			name = OTPTextFieldExample;
			productName = OTPTextFieldExample;
			productReference = 57769AEC24237EF50092D6B9 /* OTPTextFieldExample.app */;
			productType = "com.apple.product-type.application";
		};
		57769B0124237EF70092D6B9 /* OTPTextFieldExampleTests */ = {
			isa = PBXNativeTarget;
			buildConfigurationList = 57769B0E24237EF70092D6B9 /* Build configuration list for PBXNativeTarget "OTPTextFieldExampleTests" */;
			buildPhases = (
				57769AFE24237EF70092D6B9 /* Sources */,
				57769AFF24237EF70092D6B9 /* Frameworks */,
				57769B0024237EF70092D6B9 /* Resources */,
			);
			buildRules = (
			);
			dependencies = (
				57769B0424237EF70092D6B9 /* PBXTargetDependency */,
			);
			name = OTPTextFieldExampleTests;
			productName = OTPTextFieldExampleTests;
			productReference = 57769B0224237EF70092D6B9 /* OTPTextFieldExampleTests.xctest */;
			productType = "com.apple.product-type.bundle.unit-test";
		};
/* End PBXNativeTarget section */

/* Begin PBXProject section */
		57769AE424237EF50092D6B9 /* Project object */ = {
			isa = PBXProject;
			attributes = {
				LastSwiftUpdateCheck = 1130;
				LastUpgradeCheck = 1130;
				ORGANIZATIONNAME = Fixique;
				TargetAttributes = {
					57769AEB24237EF50092D6B9 = {
						CreatedOnToolsVersion = 11.3;
					};
					57769B0124237EF70092D6B9 = {
						CreatedOnToolsVersion = 11.3;
						TestTargetID = 57769AEB24237EF50092D6B9;
					};
				};
			};
			buildConfigurationList = 57769AE724237EF50092D6B9 /* Build configuration list for PBXProject "OTPTextFieldExample" */;
			compatibilityVersion = "Xcode 9.3";
			developmentRegion = en;
			hasScannedForEncodings = 0;
			knownRegions = (
				en,
				Base,
			);
			mainGroup = 57769AE324237EF50092D6B9;
			productRefGroup = 57769AED24237EF50092D6B9 /* Products */;
			projectDirPath = "";
			projectRoot = "";
			targets = (
				57769AEB24237EF50092D6B9 /* OTPTextFieldExample */,
				57769B0124237EF70092D6B9 /* OTPTextFieldExampleTests */,
			);
		};
/* End PBXProject section */

/* Begin PBXResourcesBuildPhase section */
		57769AEA24237EF50092D6B9 /* Resources */ = {
			isa = PBXResourcesBuildPhase;
			buildActionMask = 2147483647;
			files = (
				57769B2C242388D30092D6B9 /* DefaultPinedView.xib in Resources */,
				57769AFC24237EF60092D6B9 /* LaunchScreen.storyboard in Resources */,
				57769AF924237EF60092D6B9 /* Assets.xcassets in Resources */,
				57769AF724237EF50092D6B9 /* Main.storyboard in Resources */,
			);
			runOnlyForDeploymentPostprocessing = 0;
		};
		57769B0024237EF70092D6B9 /* Resources */ = {
			isa = PBXResourcesBuildPhase;
			buildActionMask = 2147483647;
			files = (
			);
			runOnlyForDeploymentPostprocessing = 0;
		};
/* End PBXResourcesBuildPhase section */

/* Begin PBXSourcesBuildPhase section */
		57769AE824237EF50092D6B9 /* Sources */ = {
			isa = PBXSourcesBuildPhase;
			buildActionMask = 2147483647;
			files = (
				57769B1B242383E00092D6B9 /* OTPTextFieldData.swift in Sources */,
				57769B1F2423841C0092D6B9 /* OTPTextField.swift in Sources */,
				57769B3124238F5F0092D6B9 /* UIView.swift in Sources */,
				57769B1D242383F50092D6B9 /* PinContainer.swift in Sources */,
				57769AF424237EF50092D6B9 /* ViewController.swift in Sources */,
				57769B172423834E0092D6B9 /* OTPFieldConfiguration.swift in Sources */,
				57769B22242384640092D6B9 /* Array.swift in Sources */,
				57769AF024237EF50092D6B9 /* AppDelegate.swift in Sources */,
				57769B2F24238C3D0092D6B9 /* DefaultTextFieldAdapter.swift in Sources */,
				57769B14242381240092D6B9 /* BaseInputView.swift in Sources */,
				57769B2A242388C80092D6B9 /* DefaultPinedView.swift in Sources */,
			);
			runOnlyForDeploymentPostprocessing = 0;
		};
		57769AFE24237EF70092D6B9 /* Sources */ = {
			isa = PBXSourcesBuildPhase;
			buildActionMask = 2147483647;
			files = (
				57769B0724237EF70092D6B9 /* OTPTextFieldExampleTests.swift in Sources */,
			);
			runOnlyForDeploymentPostprocessing = 0;
		};
/* End PBXSourcesBuildPhase section */

/* Begin PBXTargetDependency section */
		57769B0424237EF70092D6B9 /* PBXTargetDependency */ = {
			isa = PBXTargetDependency;
			target = 57769AEB24237EF50092D6B9 /* OTPTextFieldExample */;
			targetProxy = 57769B0324237EF70092D6B9 /* PBXContainerItemProxy */;
		};
/* End PBXTargetDependency section */

/* Begin PBXVariantGroup section */
		57769AF524237EF50092D6B9 /* Main.storyboard */ = {
			isa = PBXVariantGroup;
			children = (
				57769AF624237EF50092D6B9 /* Base */,
			);
			name = Main.storyboard;
			sourceTree = "<group>";
		};
		57769AFA24237EF60092D6B9 /* LaunchScreen.storyboard */ = {
			isa = PBXVariantGroup;
			children = (
				57769AFB24237EF60092D6B9 /* Base */,
			);
			name = LaunchScreen.storyboard;
			sourceTree = "<group>";
		};
/* End PBXVariantGroup section */

/* Begin XCBuildConfiguration section */
		57769B0924237EF70092D6B9 /* Debug */ = {
			isa = XCBuildConfiguration;
			buildSettings = {
				ALWAYS_SEARCH_USER_PATHS = NO;
				CLANG_ANALYZER_NONNULL = YES;
				CLANG_ANALYZER_NUMBER_OBJECT_CONVERSION = YES_AGGRESSIVE;
				CLANG_CXX_LANGUAGE_STANDARD = "gnu++14";
				CLANG_CXX_LIBRARY = "libc++";
				CLANG_ENABLE_MODULES = YES;
				CLANG_ENABLE_OBJC_ARC = YES;
				CLANG_ENABLE_OBJC_WEAK = YES;
				CLANG_WARN_BLOCK_CAPTURE_AUTORELEASING = YES;
				CLANG_WARN_BOOL_CONVERSION = YES;
				CLANG_WARN_COMMA = YES;
				CLANG_WARN_CONSTANT_CONVERSION = YES;
				CLANG_WARN_DEPRECATED_OBJC_IMPLEMENTATIONS = YES;
				CLANG_WARN_DIRECT_OBJC_ISA_USAGE = YES_ERROR;
				CLANG_WARN_DOCUMENTATION_COMMENTS = YES;
				CLANG_WARN_EMPTY_BODY = YES;
				CLANG_WARN_ENUM_CONVERSION = YES;
				CLANG_WARN_INFINITE_RECURSION = YES;
				CLANG_WARN_INT_CONVERSION = YES;
				CLANG_WARN_NON_LITERAL_NULL_CONVERSION = YES;
				CLANG_WARN_OBJC_IMPLICIT_RETAIN_SELF = YES;
				CLANG_WARN_OBJC_LITERAL_CONVERSION = YES;
				CLANG_WARN_OBJC_ROOT_CLASS = YES_ERROR;
				CLANG_WARN_RANGE_LOOP_ANALYSIS = YES;
				CLANG_WARN_STRICT_PROTOTYPES = YES;
				CLANG_WARN_SUSPICIOUS_MOVE = YES;
				CLANG_WARN_UNGUARDED_AVAILABILITY = YES_AGGRESSIVE;
				CLANG_WARN_UNREACHABLE_CODE = YES;
				CLANG_WARN__DUPLICATE_METHOD_MATCH = YES;
				COPY_PHASE_STRIP = NO;
				DEBUG_INFORMATION_FORMAT = dwarf;
				ENABLE_STRICT_OBJC_MSGSEND = YES;
				ENABLE_TESTABILITY = YES;
				GCC_C_LANGUAGE_STANDARD = gnu11;
				GCC_DYNAMIC_NO_PIC = NO;
				GCC_NO_COMMON_BLOCKS = YES;
				GCC_OPTIMIZATION_LEVEL = 0;
				GCC_PREPROCESSOR_DEFINITIONS = (
					"DEBUG=1",
					"$(inherited)",
				);
				GCC_WARN_64_TO_32_BIT_CONVERSION = YES;
				GCC_WARN_ABOUT_RETURN_TYPE = YES_ERROR;
				GCC_WARN_UNDECLARED_SELECTOR = YES;
				GCC_WARN_UNINITIALIZED_AUTOS = YES_AGGRESSIVE;
				GCC_WARN_UNUSED_FUNCTION = YES;
				GCC_WARN_UNUSED_VARIABLE = YES;
				IPHONEOS_DEPLOYMENT_TARGET = 11.0;
				MTL_ENABLE_DEBUG_INFO = INCLUDE_SOURCE;
				MTL_FAST_MATH = YES;
				ONLY_ACTIVE_ARCH = YES;
				SDKROOT = iphoneos;
				SWIFT_ACTIVE_COMPILATION_CONDITIONS = DEBUG;
				SWIFT_OPTIMIZATION_LEVEL = "-Onone";
			};
			name = Debug;
		};
		57769B0A24237EF70092D6B9 /* Release */ = {
			isa = XCBuildConfiguration;
			buildSettings = {
				ALWAYS_SEARCH_USER_PATHS = NO;
				CLANG_ANALYZER_NONNULL = YES;
				CLANG_ANALYZER_NUMBER_OBJECT_CONVERSION = YES_AGGRESSIVE;
				CLANG_CXX_LANGUAGE_STANDARD = "gnu++14";
				CLANG_CXX_LIBRARY = "libc++";
				CLANG_ENABLE_MODULES = YES;
				CLANG_ENABLE_OBJC_ARC = YES;
				CLANG_ENABLE_OBJC_WEAK = YES;
				CLANG_WARN_BLOCK_CAPTURE_AUTORELEASING = YES;
				CLANG_WARN_BOOL_CONVERSION = YES;
				CLANG_WARN_COMMA = YES;
				CLANG_WARN_CONSTANT_CONVERSION = YES;
				CLANG_WARN_DEPRECATED_OBJC_IMPLEMENTATIONS = YES;
				CLANG_WARN_DIRECT_OBJC_ISA_USAGE = YES_ERROR;
				CLANG_WARN_DOCUMENTATION_COMMENTS = YES;
				CLANG_WARN_EMPTY_BODY = YES;
				CLANG_WARN_ENUM_CONVERSION = YES;
				CLANG_WARN_INFINITE_RECURSION = YES;
				CLANG_WARN_INT_CONVERSION = YES;
				CLANG_WARN_NON_LITERAL_NULL_CONVERSION = YES;
				CLANG_WARN_OBJC_IMPLICIT_RETAIN_SELF = YES;
				CLANG_WARN_OBJC_LITERAL_CONVERSION = YES;
				CLANG_WARN_OBJC_ROOT_CLASS = YES_ERROR;
				CLANG_WARN_RANGE_LOOP_ANALYSIS = YES;
				CLANG_WARN_STRICT_PROTOTYPES = YES;
				CLANG_WARN_SUSPICIOUS_MOVE = YES;
				CLANG_WARN_UNGUARDED_AVAILABILITY = YES_AGGRESSIVE;
				CLANG_WARN_UNREACHABLE_CODE = YES;
				CLANG_WARN__DUPLICATE_METHOD_MATCH = YES;
				COPY_PHASE_STRIP = NO;
				DEBUG_INFORMATION_FORMAT = "dwarf-with-dsym";
				ENABLE_NS_ASSERTIONS = NO;
				ENABLE_STRICT_OBJC_MSGSEND = YES;
				GCC_C_LANGUAGE_STANDARD = gnu11;
				GCC_NO_COMMON_BLOCKS = YES;
				GCC_WARN_64_TO_32_BIT_CONVERSION = YES;
				GCC_WARN_ABOUT_RETURN_TYPE = YES_ERROR;
				GCC_WARN_UNDECLARED_SELECTOR = YES;
				GCC_WARN_UNINITIALIZED_AUTOS = YES_AGGRESSIVE;
				GCC_WARN_UNUSED_FUNCTION = YES;
				GCC_WARN_UNUSED_VARIABLE = YES;
				IPHONEOS_DEPLOYMENT_TARGET = 11.0;
				MTL_ENABLE_DEBUG_INFO = NO;
				MTL_FAST_MATH = YES;
				SDKROOT = iphoneos;
				SWIFT_COMPILATION_MODE = wholemodule;
				SWIFT_OPTIMIZATION_LEVEL = "-O";
				VALIDATE_PRODUCT = YES;
			};
			name = Release;
		};
		57769B0C24237EF70092D6B9 /* Debug */ = {
			isa = XCBuildConfiguration;
			buildSettings = {
				ASSETCATALOG_COMPILER_APPICON_NAME = AppIcon;
				CODE_SIGN_STYLE = Automatic;
				DEVELOPMENT_TEAM = JE6A9LTMD3;
				INFOPLIST_FILE = OTPTextFieldExample/Info.plist;
				LD_RUNPATH_SEARCH_PATHS = (
					"$(inherited)",
					"@executable_path/Frameworks",
				);
				PRODUCT_BUNDLE_IDENTIFIER = ru.fixique.OTPTextFieldExample;
				PRODUCT_NAME = "$(TARGET_NAME)";
				SWIFT_VERSION = 5.0;
				TARGETED_DEVICE_FAMILY = "1,2";
			};
			name = Debug;
		};
		57769B0D24237EF70092D6B9 /* Release */ = {
			isa = XCBuildConfiguration;
			buildSettings = {
				ASSETCATALOG_COMPILER_APPICON_NAME = AppIcon;
				CODE_SIGN_STYLE = Automatic;
				DEVELOPMENT_TEAM = JE6A9LTMD3;
				INFOPLIST_FILE = OTPTextFieldExample/Info.plist;
				LD_RUNPATH_SEARCH_PATHS = (
					"$(inherited)",
					"@executable_path/Frameworks",
				);
				PRODUCT_BUNDLE_IDENTIFIER = ru.fixique.OTPTextFieldExample;
				PRODUCT_NAME = "$(TARGET_NAME)";
				SWIFT_VERSION = 5.0;
				TARGETED_DEVICE_FAMILY = "1,2";
			};
			name = Release;
		};
		57769B0F24237EF70092D6B9 /* Debug */ = {
			isa = XCBuildConfiguration;
			buildSettings = {
				ALWAYS_EMBED_SWIFT_STANDARD_LIBRARIES = YES;
				BUNDLE_LOADER = "$(TEST_HOST)";
				CODE_SIGN_STYLE = Automatic;
				DEVELOPMENT_TEAM = JE6A9LTMD3;
				INFOPLIST_FILE = OTPTextFieldExampleTests/Info.plist;
				IPHONEOS_DEPLOYMENT_TARGET = 13.2;
				LD_RUNPATH_SEARCH_PATHS = (
					"$(inherited)",
					"@executable_path/Frameworks",
					"@loader_path/Frameworks",
				);
				PRODUCT_BUNDLE_IDENTIFIER = ru.fixique.OTPTextFieldExampleTests;
				PRODUCT_NAME = "$(TARGET_NAME)";
				SWIFT_VERSION = 5.0;
				TARGETED_DEVICE_FAMILY = "1,2";
				TEST_HOST = "$(BUILT_PRODUCTS_DIR)/OTPTextFieldExample.app/OTPTextFieldExample";
			};
			name = Debug;
		};
		57769B1024237EF70092D6B9 /* Release */ = {
			isa = XCBuildConfiguration;
			buildSettings = {
				ALWAYS_EMBED_SWIFT_STANDARD_LIBRARIES = YES;
				BUNDLE_LOADER = "$(TEST_HOST)";
				CODE_SIGN_STYLE = Automatic;
				DEVELOPMENT_TEAM = JE6A9LTMD3;
				INFOPLIST_FILE = OTPTextFieldExampleTests/Info.plist;
				IPHONEOS_DEPLOYMENT_TARGET = 13.2;
				LD_RUNPATH_SEARCH_PATHS = (
					"$(inherited)",
					"@executable_path/Frameworks",
					"@loader_path/Frameworks",
				);
				PRODUCT_BUNDLE_IDENTIFIER = ru.fixique.OTPTextFieldExampleTests;
				PRODUCT_NAME = "$(TARGET_NAME)";
				SWIFT_VERSION = 5.0;
				TARGETED_DEVICE_FAMILY = "1,2";
				TEST_HOST = "$(BUILT_PRODUCTS_DIR)/OTPTextFieldExample.app/OTPTextFieldExample";
			};
			name = Release;
		};
/* End XCBuildConfiguration section */

/* Begin XCConfigurationList section */
		57769AE724237EF50092D6B9 /* Build configuration list for PBXProject "OTPTextFieldExample" */ = {
			isa = XCConfigurationList;
			buildConfigurations = (
				57769B0924237EF70092D6B9 /* Debug */,
				57769B0A24237EF70092D6B9 /* Release */,
			);
			defaultConfigurationIsVisible = 0;
			defaultConfigurationName = Release;
		};
		57769B0B24237EF70092D6B9 /* Build configuration list for PBXNativeTarget "OTPTextFieldExample" */ = {
			isa = XCConfigurationList;
			buildConfigurations = (
				57769B0C24237EF70092D6B9 /* Debug */,
				57769B0D24237EF70092D6B9 /* Release */,
			);
			defaultConfigurationIsVisible = 0;
			defaultConfigurationName = Release;
		};
		57769B0E24237EF70092D6B9 /* Build configuration list for PBXNativeTarget "OTPTextFieldExampleTests" */ = {
			isa = XCConfigurationList;
			buildConfigurations = (
				57769B0F24237EF70092D6B9 /* Debug */,
				57769B1024237EF70092D6B9 /* Release */,
			);
			defaultConfigurationIsVisible = 0;
			defaultConfigurationName = Release;
		};
/* End XCConfigurationList section */
	};
	rootObject = 57769AE424237EF50092D6B9 /* Project object */;
}
