// !$*UTF8*$!
{
	archiveVersion = 1;
	classes = {
	};
	objectVersion = 51;
	objects = {

/* Begin PBXBuildFile section */
		001EBC7F44EC7BDB090F32C3 /* MainCoordinator.swift in Sources */ = {isa = PBXBuildFile; fileRef = 1235D35CF71609F099221E45 /* MainCoordinator.swift */; };
		180D168CE1B8D4130F477FF8 /* MainViewController.swift in Sources */ = {isa = PBXBuildFile; fileRef = 1902184A5B42D3BE892DAB51 /* MainViewController.swift */; };
		2D459EBDD8DD0A26C3EDA746 /* DefaultOtpFieldViewInput.swift in Sources */ = {isa = PBXBuildFile; fileRef = AF50A6EC8E2439317848F018 /* DefaultOtpFieldViewInput.swift */; };
		3A6087EA2DA78E246EA1FF3F /* DefaultOtpFieldModuleConfigurator.swift in Sources */ = {isa = PBXBuildFile; fileRef = 991AB6889B70466D5CCFA447 /* DefaultOtpFieldModuleConfigurator.swift */; };
		3BB5B81EA6EB621E1A2860C3 /* DefaultOtpFieldModuleInput.swift in Sources */ = {isa = PBXBuildFile; fileRef = 013050DC37F4A9A747D0CB92 /* DefaultOtpFieldModuleInput.swift */; };
		3CF50EEB7FB8EDF784F4DCA4 /* MainModuleConfigurator.swift in Sources */ = {isa = PBXBuildFile; fileRef = AB20CA3DCDF11B6580BDFDD3 /* MainModuleConfigurator.swift */; };
		40F0977EBC72C8BB52B69963 /* MainModuleOutput.swift in Sources */ = {isa = PBXBuildFile; fileRef = 0E711291C3F0B6B2B5128571 /* MainModuleOutput.swift */; };
		43B2697ACDDF66A9A92D78EF /* RoundOtpFieldViewController.xib in Resources */ = {isa = PBXBuildFile; fileRef = AADF29673AE68CF2B7014090 /* RoundOtpFieldViewController.xib */; };
		57A3C5042424C24200AB0219 /* LaunchScreen.xib in Resources */ = {isa = PBXBuildFile; fileRef = 57A3C5032424C24200AB0219 /* LaunchScreen.xib */; };
		57A3C5062424C24200AB0219 /* Assets.xcassets in Resources */ = {isa = PBXBuildFile; fileRef = 57A3C5052424C24200AB0219 /* Assets.xcassets */; };
		57A3C5082424C24200AB0219 /* AppDelegate.swift in Sources */ = {isa = PBXBuildFile; fileRef = 57A3C5072424C24200AB0219 /* AppDelegate.swift */; };
		57A3C50C2424C24200AB0219 /* Localizable.strings in Resources */ = {isa = PBXBuildFile; fileRef = 57A3C50B2424C24200AB0219 /* Localizable.strings */; };
		57A3C50E2424C24200AB0219 /* Assets.swift in Sources */ = {isa = PBXBuildFile; fileRef = 57A3C50D2424C24200AB0219 /* Assets.swift */; };
		57A3C5102424C24200AB0219 /* Fonts.swift in Sources */ = {isa = PBXBuildFile; fileRef = 57A3C50F2424C24200AB0219 /* Fonts.swift */; };
		57A3C5122424C24200AB0219 /* Strings.swift in Sources */ = {isa = PBXBuildFile; fileRef = 57A3C5112424C24200AB0219 /* Strings.swift */; };
		57A3C5152424C24200AB0219 /* Colors.swift in Sources */ = {isa = PBXBuildFile; fileRef = 57A3C5142424C24200AB0219 /* Colors.swift */; };
		57A3C51E2424C24200AB0219 /* BaseCoordinator.swift in Sources */ = {isa = PBXBuildFile; fileRef = 57A3C51D2424C24200AB0219 /* BaseCoordinator.swift */; };
		57A3C5212424C24200AB0219 /* UIApplication.swift in Sources */ = {isa = PBXBuildFile; fileRef = 57A3C5202424C24200AB0219 /* UIApplication.swift */; };
		57A3C5232424C24200AB0219 /* Coordinator.swift in Sources */ = {isa = PBXBuildFile; fileRef = 57A3C5222424C24200AB0219 /* Coordinator.swift */; };
		57A3C5252424C24200AB0219 /* Presentable.swift in Sources */ = {isa = PBXBuildFile; fileRef = 57A3C5242424C24200AB0219 /* Presentable.swift */; };
		57A3C5272424C24200AB0219 /* Router.swift in Sources */ = {isa = PBXBuildFile; fileRef = 57A3C5262424C24200AB0219 /* Router.swift */; };
		57A3C5292424C24200AB0219 /* MainRouter.swift in Sources */ = {isa = PBXBuildFile; fileRef = 57A3C5282424C24200AB0219 /* MainRouter.swift */; };
		57A3C52B2424C24200AB0219 /* DeepLinkOption.swift in Sources */ = {isa = PBXBuildFile; fileRef = 57A3C52A2424C24200AB0219 /* DeepLinkOption.swift */; };
		57A3C5372424D0CD00AB0219 /* MainFeedCell.swift in Sources */ = {isa = PBXBuildFile; fileRef = 57A3C5352424D0CD00AB0219 /* MainFeedCell.swift */; };
		57A3C5382424D0CD00AB0219 /* MainFeedCell.xib in Resources */ = {isa = PBXBuildFile; fileRef = 57A3C5362424D0CD00AB0219 /* MainFeedCell.xib */; };
		57A3C53A2424DA4E00AB0219 /* DefaultNavigationController.swift in Sources */ = {isa = PBXBuildFile; fileRef = 57A3C5392424DA4E00AB0219 /* DefaultNavigationController.swift */; };
		57A3C53C2424DB8900AB0219 /* NavigationBar.swift in Sources */ = {isa = PBXBuildFile; fileRef = 57A3C53B2424DB8900AB0219 /* NavigationBar.swift */; };
		57A3C53F2424E40300AB0219 /* OTPFieldType.swift in Sources */ = {isa = PBXBuildFile; fileRef = 57A3C53E2424E40300AB0219 /* OTPFieldType.swift */; };
		58FA2B648FE95C1825FB9E27 /* Pods_OTPTextFieldExample.framework in Frameworks */ = {isa = PBXBuildFile; fileRef = F69E57C2075530B634AD9041 /* Pods_OTPTextFieldExample.framework */; };
		5DF4C5792F5CD3BD5D8F55CF /* MainCoordinatorOutput.swift in Sources */ = {isa = PBXBuildFile; fileRef = D0491F7553925E0D85199469 /* MainCoordinatorOutput.swift */; };
		5E824DAA59DBB623B4F0F955 /* DefaultOtpFieldPresenter.swift in Sources */ = {isa = PBXBuildFile; fileRef = 93965E3F6DEB41B4575D462B /* DefaultOtpFieldPresenter.swift */; };
		66523596D246DA6649612683 /* RoundOtpFieldModuleInput.swift in Sources */ = {isa = PBXBuildFile; fileRef = 68F0DBF8FF2865F3224162A3 /* RoundOtpFieldModuleInput.swift */; };
		72482672A5B450642912F030 /* DefaultOtpFieldModuleOutput.swift in Sources */ = {isa = PBXBuildFile; fileRef = 887A00833A6B8BFBC14278A5 /* DefaultOtpFieldModuleOutput.swift */; };
		8F3EEC6313FFB239DF818EBF /* MainPresenter.swift in Sources */ = {isa = PBXBuildFile; fileRef = 614ADB3A4C81BA429FD7787D /* MainPresenter.swift */; };
		8FEBC87D02C3174AB77DDB2F /* DefaultOtpFieldViewController.swift in Sources */ = {isa = PBXBuildFile; fileRef = 1D05466F945EB81009602C58 /* DefaultOtpFieldViewController.swift */; };
		91146BECA3B9CFBF175DE150 /* MainViewInput.swift in Sources */ = {isa = PBXBuildFile; fileRef = F249167611841325E6EC8C2C /* MainViewInput.swift */; };
		976B5C0B1566BB6782850930 /* DefaultOtpFieldViewController.xib in Resources */ = {isa = PBXBuildFile; fileRef = 061EA15C38C9EDA1CE279C86 /* DefaultOtpFieldViewController.xib */; };
		9C648A4F8548454B9FE4CAB5 /* RoundOtpFieldPresenter.swift in Sources */ = {isa = PBXBuildFile; fileRef = 7D1DBA564130BD0BFF71D428 /* RoundOtpFieldPresenter.swift */; };
		C21262617191C7E963148455 /* RoundOtpFieldViewOutput.swift in Sources */ = {isa = PBXBuildFile; fileRef = 0BC83CFFADF8632C5AC45AE4 /* RoundOtpFieldViewOutput.swift */; };
		C6253E0E92CDEB1A18E4AF53 /* MainViewController.xib in Resources */ = {isa = PBXBuildFile; fileRef = 2973E999F0CCA27632BFA37B /* MainViewController.xib */; };
		CAC3D298694BD31552046405 /* RoundOtpFieldViewInput.swift in Sources */ = {isa = PBXBuildFile; fileRef = 2F7E12AB4F34BD070E8CEA49 /* RoundOtpFieldViewInput.swift */; };
		D1D05B03DF366920C8F0FBA0 /* MainModuleInput.swift in Sources */ = {isa = PBXBuildFile; fileRef = 808CBF6C8958F8703053E6A0 /* MainModuleInput.swift */; };
		D5A03890F6B9FAD936A09DC1 /* RoundOtpFieldViewController.swift in Sources */ = {isa = PBXBuildFile; fileRef = 63A8DC00DF40FAEBD9C3E954 /* RoundOtpFieldViewController.swift */; };
		E445DA4B607394CFB2E1B2C8 /* DefaultOtpFieldViewOutput.swift in Sources */ = {isa = PBXBuildFile; fileRef = 38B7ACAE5BA796C9B2AAEF07 /* DefaultOtpFieldViewOutput.swift */; };
		E4D2CCCFB823793CDD940791 /* RoundOtpFieldModuleConfigurator.swift in Sources */ = {isa = PBXBuildFile; fileRef = E8116BFCB5EA3BE34D2F55FA /* RoundOtpFieldModuleConfigurator.swift */; };
		E691FF674C33DF091FAB19E1 /* MainViewOutput.swift in Sources */ = {isa = PBXBuildFile; fileRef = B07B136FE44FD52426999952 /* MainViewOutput.swift */; };
		F3084921EFEA474E604D1F45 /* RoundOtpFieldModuleOutput.swift in Sources */ = {isa = PBXBuildFile; fileRef = 32474AD4500B94775CE530BF /* RoundOtpFieldModuleOutput.swift */; };
/* End PBXBuildFile section */

/* Begin PBXFileReference section */
		013050DC37F4A9A747D0CB92 /* DefaultOtpFieldModuleInput.swift */ = {isa = PBXFileReference; includeInIndex = 1; lastKnownFileType = sourcecode.swift; path = DefaultOtpFieldModuleInput.swift; sourceTree = "<group>"; };
		061EA15C38C9EDA1CE279C86 /* DefaultOtpFieldViewController.xib */ = {isa = PBXFileReference; includeInIndex = 1; lastKnownFileType = file.xib; path = DefaultOtpFieldViewController.xib; sourceTree = "<group>"; };
		0BC83CFFADF8632C5AC45AE4 /* RoundOtpFieldViewOutput.swift */ = {isa = PBXFileReference; includeInIndex = 1; lastKnownFileType = sourcecode.swift; path = RoundOtpFieldViewOutput.swift; sourceTree = "<group>"; };
		0D4C4C5327893CCA644C90B7 /* Pods-OTPTextFieldExample.debug.xcconfig */ = {isa = PBXFileReference; includeInIndex = 1; lastKnownFileType = text.xcconfig; name = "Pods-OTPTextFieldExample.debug.xcconfig"; path = "Target Support Files/Pods-OTPTextFieldExample/Pods-OTPTextFieldExample.debug.xcconfig"; sourceTree = "<group>"; };
		0E711291C3F0B6B2B5128571 /* MainModuleOutput.swift */ = {isa = PBXFileReference; includeInIndex = 1; lastKnownFileType = sourcecode.swift; path = MainModuleOutput.swift; sourceTree = "<group>"; };
		1235D35CF71609F099221E45 /* MainCoordinator.swift */ = {isa = PBXFileReference; includeInIndex = 1; lastKnownFileType = sourcecode.swift; path = MainCoordinator.swift; sourceTree = "<group>"; };
		1902184A5B42D3BE892DAB51 /* MainViewController.swift */ = {isa = PBXFileReference; includeInIndex = 1; lastKnownFileType = sourcecode.swift; path = MainViewController.swift; sourceTree = "<group>"; };
		1D05466F945EB81009602C58 /* DefaultOtpFieldViewController.swift */ = {isa = PBXFileReference; includeInIndex = 1; lastKnownFileType = sourcecode.swift; path = DefaultOtpFieldViewController.swift; sourceTree = "<group>"; };
		2973E999F0CCA27632BFA37B /* MainViewController.xib */ = {isa = PBXFileReference; includeInIndex = 1; lastKnownFileType = file.xib; path = MainViewController.xib; sourceTree = "<group>"; };
		2F7E12AB4F34BD070E8CEA49 /* RoundOtpFieldViewInput.swift */ = {isa = PBXFileReference; includeInIndex = 1; lastKnownFileType = sourcecode.swift; path = RoundOtpFieldViewInput.swift; sourceTree = "<group>"; };
		32474AD4500B94775CE530BF /* RoundOtpFieldModuleOutput.swift */ = {isa = PBXFileReference; includeInIndex = 1; lastKnownFileType = sourcecode.swift; path = RoundOtpFieldModuleOutput.swift; sourceTree = "<group>"; };
		38B7ACAE5BA796C9B2AAEF07 /* DefaultOtpFieldViewOutput.swift */ = {isa = PBXFileReference; includeInIndex = 1; lastKnownFileType = sourcecode.swift; path = DefaultOtpFieldViewOutput.swift; sourceTree = "<group>"; };
		57A3C4D72424C24100AB0219 /* OTPTextFieldExample.app */ = {isa = PBXFileReference; explicitFileType = wrapper.application; includeInIndex = 0; path = OTPTextFieldExample.app; sourceTree = BUILT_PRODUCTS_DIR; };
		57A3C4ED2424C24200AB0219 /* .gitkeep */ = {isa = PBXFileReference; lastKnownFileType = text; path = .gitkeep; sourceTree = "<group>"; };
		57A3C4EF2424C24200AB0219 /* .gitkeep */ = {isa = PBXFileReference; lastKnownFileType = text; path = .gitkeep; sourceTree = "<group>"; };
		57A3C4F92424C24200AB0219 /* .gitkeep */ = {isa = PBXFileReference; lastKnownFileType = text; path = .gitkeep; sourceTree = "<group>"; };
		57A3C4FD2424C24200AB0219 /* .gitkeep */ = {isa = PBXFileReference; lastKnownFileType = text; path = .gitkeep; sourceTree = "<group>"; };
		57A3C4FF2424C24200AB0219 /* .gitkeep */ = {isa = PBXFileReference; lastKnownFileType = text; path = .gitkeep; sourceTree = "<group>"; };
		57A3C5012424C24200AB0219 /* .gitkeep */ = {isa = PBXFileReference; lastKnownFileType = text; path = .gitkeep; sourceTree = "<group>"; };
		57A3C5032424C24200AB0219 /* LaunchScreen.xib */ = {isa = PBXFileReference; lastKnownFileType = file.xib; path = LaunchScreen.xib; sourceTree = "<group>"; };
		57A3C5052424C24200AB0219 /* Assets.xcassets */ = {isa = PBXFileReference; lastKnownFileType = folder.assetcatalog; path = Assets.xcassets; sourceTree = "<group>"; };
		57A3C5072424C24200AB0219 /* AppDelegate.swift */ = {isa = PBXFileReference; lastKnownFileType = sourcecode.swift; path = AppDelegate.swift; sourceTree = "<group>"; };
		57A3C50B2424C24200AB0219 /* Localizable.strings */ = {isa = PBXFileReference; lastKnownFileType = text.plist.strings; path = Localizable.strings; sourceTree = "<group>"; };
		57A3C50D2424C24200AB0219 /* Assets.swift */ = {isa = PBXFileReference; lastKnownFileType = sourcecode.swift; path = Assets.swift; sourceTree = "<group>"; };
		57A3C50F2424C24200AB0219 /* Fonts.swift */ = {isa = PBXFileReference; lastKnownFileType = sourcecode.swift; path = Fonts.swift; sourceTree = "<group>"; };
		57A3C5112424C24200AB0219 /* Strings.swift */ = {isa = PBXFileReference; lastKnownFileType = sourcecode.swift; path = Strings.swift; sourceTree = "<group>"; };
		57A3C5142424C24200AB0219 /* Colors.swift */ = {isa = PBXFileReference; lastKnownFileType = sourcecode.swift; path = Colors.swift; sourceTree = "<group>"; };
		57A3C51D2424C24200AB0219 /* BaseCoordinator.swift */ = {isa = PBXFileReference; lastKnownFileType = sourcecode.swift; path = BaseCoordinator.swift; sourceTree = "<group>"; };
		57A3C5202424C24200AB0219 /* UIApplication.swift */ = {isa = PBXFileReference; lastKnownFileType = sourcecode.swift; path = UIApplication.swift; sourceTree = "<group>"; };
		57A3C5222424C24200AB0219 /* Coordinator.swift */ = {isa = PBXFileReference; lastKnownFileType = sourcecode.swift; path = Coordinator.swift; sourceTree = "<group>"; };
		57A3C5242424C24200AB0219 /* Presentable.swift */ = {isa = PBXFileReference; lastKnownFileType = sourcecode.swift; path = Presentable.swift; sourceTree = "<group>"; };
		57A3C5262424C24200AB0219 /* Router.swift */ = {isa = PBXFileReference; lastKnownFileType = sourcecode.swift; path = Router.swift; sourceTree = "<group>"; };
		57A3C5282424C24200AB0219 /* MainRouter.swift */ = {isa = PBXFileReference; lastKnownFileType = sourcecode.swift; path = MainRouter.swift; sourceTree = "<group>"; };
		57A3C52A2424C24200AB0219 /* DeepLinkOption.swift */ = {isa = PBXFileReference; lastKnownFileType = sourcecode.swift; path = DeepLinkOption.swift; sourceTree = "<group>"; };
		57A3C52E2424C24200AB0219 /* Info.plist */ = {isa = PBXFileReference; lastKnownFileType = text.plist.xml; path = Info.plist; sourceTree = "<group>"; };
		57A3C5352424D0CD00AB0219 /* MainFeedCell.swift */ = {isa = PBXFileReference; lastKnownFileType = sourcecode.swift; path = MainFeedCell.swift; sourceTree = "<group>"; };
		57A3C5362424D0CD00AB0219 /* MainFeedCell.xib */ = {isa = PBXFileReference; lastKnownFileType = file.xib; path = MainFeedCell.xib; sourceTree = "<group>"; };
		57A3C5392424DA4E00AB0219 /* DefaultNavigationController.swift */ = {isa = PBXFileReference; lastKnownFileType = sourcecode.swift; path = DefaultNavigationController.swift; sourceTree = "<group>"; };
		57A3C53B2424DB8900AB0219 /* NavigationBar.swift */ = {isa = PBXFileReference; lastKnownFileType = sourcecode.swift; path = NavigationBar.swift; sourceTree = "<group>"; };
		57A3C53E2424E40300AB0219 /* OTPFieldType.swift */ = {isa = PBXFileReference; lastKnownFileType = sourcecode.swift; path = OTPFieldType.swift; sourceTree = "<group>"; };
		614ADB3A4C81BA429FD7787D /* MainPresenter.swift */ = {isa = PBXFileReference; includeInIndex = 1; lastKnownFileType = sourcecode.swift; path = MainPresenter.swift; sourceTree = "<group>"; };
		63A8DC00DF40FAEBD9C3E954 /* RoundOtpFieldViewController.swift */ = {isa = PBXFileReference; includeInIndex = 1; lastKnownFileType = sourcecode.swift; path = RoundOtpFieldViewController.swift; sourceTree = "<group>"; };
		68F0DBF8FF2865F3224162A3 /* RoundOtpFieldModuleInput.swift */ = {isa = PBXFileReference; includeInIndex = 1; lastKnownFileType = sourcecode.swift; path = RoundOtpFieldModuleInput.swift; sourceTree = "<group>"; };
		7D1DBA564130BD0BFF71D428 /* RoundOtpFieldPresenter.swift */ = {isa = PBXFileReference; includeInIndex = 1; lastKnownFileType = sourcecode.swift; path = RoundOtpFieldPresenter.swift; sourceTree = "<group>"; };
		808CBF6C8958F8703053E6A0 /* MainModuleInput.swift */ = {isa = PBXFileReference; includeInIndex = 1; lastKnownFileType = sourcecode.swift; path = MainModuleInput.swift; sourceTree = "<group>"; };
		887A00833A6B8BFBC14278A5 /* DefaultOtpFieldModuleOutput.swift */ = {isa = PBXFileReference; includeInIndex = 1; lastKnownFileType = sourcecode.swift; path = DefaultOtpFieldModuleOutput.swift; sourceTree = "<group>"; };
		93965E3F6DEB41B4575D462B /* DefaultOtpFieldPresenter.swift */ = {isa = PBXFileReference; includeInIndex = 1; lastKnownFileType = sourcecode.swift; path = DefaultOtpFieldPresenter.swift; sourceTree = "<group>"; };
		971FAE21CFA4F4CF77C84DD3 /* Pods-OTPTextFieldExample.release.xcconfig */ = {isa = PBXFileReference; includeInIndex = 1; lastKnownFileType = text.xcconfig; name = "Pods-OTPTextFieldExample.release.xcconfig"; path = "Target Support Files/Pods-OTPTextFieldExample/Pods-OTPTextFieldExample.release.xcconfig"; sourceTree = "<group>"; };
		991AB6889B70466D5CCFA447 /* DefaultOtpFieldModuleConfigurator.swift */ = {isa = PBXFileReference; includeInIndex = 1; lastKnownFileType = sourcecode.swift; path = DefaultOtpFieldModuleConfigurator.swift; sourceTree = "<group>"; };
		AADF29673AE68CF2B7014090 /* RoundOtpFieldViewController.xib */ = {isa = PBXFileReference; includeInIndex = 1; lastKnownFileType = file.xib; path = RoundOtpFieldViewController.xib; sourceTree = "<group>"; };
		AB20CA3DCDF11B6580BDFDD3 /* MainModuleConfigurator.swift */ = {isa = PBXFileReference; includeInIndex = 1; lastKnownFileType = sourcecode.swift; path = MainModuleConfigurator.swift; sourceTree = "<group>"; };
		AF50A6EC8E2439317848F018 /* DefaultOtpFieldViewInput.swift */ = {isa = PBXFileReference; includeInIndex = 1; lastKnownFileType = sourcecode.swift; path = DefaultOtpFieldViewInput.swift; sourceTree = "<group>"; };
		B07B136FE44FD52426999952 /* MainViewOutput.swift */ = {isa = PBXFileReference; includeInIndex = 1; lastKnownFileType = sourcecode.swift; path = MainViewOutput.swift; sourceTree = "<group>"; };
		D0491F7553925E0D85199469 /* MainCoordinatorOutput.swift */ = {isa = PBXFileReference; includeInIndex = 1; lastKnownFileType = sourcecode.swift; path = MainCoordinatorOutput.swift; sourceTree = "<group>"; };
		E8116BFCB5EA3BE34D2F55FA /* RoundOtpFieldModuleConfigurator.swift */ = {isa = PBXFileReference; includeInIndex = 1; lastKnownFileType = sourcecode.swift; path = RoundOtpFieldModuleConfigurator.swift; sourceTree = "<group>"; };
		F249167611841325E6EC8C2C /* MainViewInput.swift */ = {isa = PBXFileReference; includeInIndex = 1; lastKnownFileType = sourcecode.swift; path = MainViewInput.swift; sourceTree = "<group>"; };
		F69E57C2075530B634AD9041 /* Pods_OTPTextFieldExample.framework */ = {isa = PBXFileReference; explicitFileType = wrapper.framework; includeInIndex = 0; path = Pods_OTPTextFieldExample.framework; sourceTree = BUILT_PRODUCTS_DIR; };
/* End PBXFileReference section */

/* Begin PBXFrameworksBuildPhase section */
		57A3C4D22424C24100AB0219 /* Frameworks */ = {
			isa = PBXFrameworksBuildPhase;
			buildActionMask = 2147483647;
			files = (
				58FA2B648FE95C1825FB9E27 /* Pods_OTPTextFieldExample.framework in Frameworks */,
			);
			runOnlyForDeploymentPostprocessing = 0;
		};
/* End PBXFrameworksBuildPhase section */

/* Begin PBXGroup section */
		0B17B65A0A5487A1307A5672 /* View */ = {
			isa = PBXGroup;
			children = (
				57A3C5342424D0AA00AB0219 /* Cells */,
				1902184A5B42D3BE892DAB51 /* MainViewController.swift */,
				2973E999F0CCA27632BFA37B /* MainViewController.xib */,
				F249167611841325E6EC8C2C /* MainViewInput.swift */,
				B07B136FE44FD52426999952 /* MainViewOutput.swift */,
			);
			path = View;
			sourceTree = "<group>";
		};
		0F01ACF1FE4FCCEE5AE892F0 /* Presenter */ = {
			isa = PBXGroup;
			children = (
				93965E3F6DEB41B4575D462B /* DefaultOtpFieldPresenter.swift */,
				013050DC37F4A9A747D0CB92 /* DefaultOtpFieldModuleInput.swift */,
				887A00833A6B8BFBC14278A5 /* DefaultOtpFieldModuleOutput.swift */,
			);
			path = Presenter;
			sourceTree = "<group>";
		};
		1B65ACC9905FF90D9BD1E218 /* Configurator */ = {
			isa = PBXGroup;
			children = (
				AB20CA3DCDF11B6580BDFDD3 /* MainModuleConfigurator.swift */,
			);
			path = Configurator;
			sourceTree = "<group>";
		};
		5336BD0683B487E497BA0751 /* Configurator */ = {
			isa = PBXGroup;
			children = (
				E8116BFCB5EA3BE34D2F55FA /* RoundOtpFieldModuleConfigurator.swift */,
			);
			name = Configurator;
			path = Configurator;
			sourceTree = "<group>";
		};
		57A3C4CC2424C24100AB0219 = {
			isa = PBXGroup;
			children = (
				57A3C4D92424C24100AB0219 /* OTPTextFieldExample */,
				57A3C4D82424C24100AB0219 /* Products */,
				D0179C7C7DC344ABCA434D1C /* Pods */,
				6B4C25A120535D64C5729558 /* Frameworks */,
			);
			sourceTree = "<group>";
		};
		57A3C4D82424C24100AB0219 /* Products */ = {
			isa = PBXGroup;
			children = (
				57A3C4D72424C24100AB0219 /* OTPTextFieldExample.app */,
			);
			name = Products;
			sourceTree = "<group>";
		};
		57A3C4D92424C24100AB0219 /* OTPTextFieldExample */ = {
			isa = PBXGroup;
			children = (
				57A3C4E72424C24100AB0219 /* Resources */,
				57A3C4F52424C24200AB0219 /* Library */,
				57A3C5022424C24200AB0219 /* Application */,
				57A3C5092424C24200AB0219 /* Flows */,
			);
			path = OTPTextFieldExample;
			sourceTree = "<group>";
		};
		57A3C4E72424C24100AB0219 /* Resources */ = {
			isa = PBXGroup;
			children = (
				57A3C4E82424C24100AB0219 /* Strings */,
				57A3C4EA2424C24100AB0219 /* Images */,
				57A3C4EC2424C24200AB0219 /* Constants */,
				57A3C4EE2424C24200AB0219 /* Fonts */,
				57A3C5132424C24200AB0219 /* Colors */,
			);
			path = Resources;
			sourceTree = "<group>";
		};
		57A3C4E82424C24100AB0219 /* Strings */ = {
			isa = PBXGroup;
			children = (
				57A3C50B2424C24200AB0219 /* Localizable.strings */,
				57A3C5112424C24200AB0219 /* Strings.swift */,
			);
			path = Strings;
			sourceTree = "<group>";
		};
		57A3C4EA2424C24100AB0219 /* Images */ = {
			isa = PBXGroup;
			children = (
				57A3C5052424C24200AB0219 /* Assets.xcassets */,
				57A3C50D2424C24200AB0219 /* Assets.swift */,
			);
			path = Images;
			sourceTree = "<group>";
		};
		57A3C4EC2424C24200AB0219 /* Constants */ = {
			isa = PBXGroup;
			children = (
				57A3C4ED2424C24200AB0219 /* .gitkeep */,
			);
			path = Constants;
			sourceTree = "<group>";
		};
		57A3C4EE2424C24200AB0219 /* Fonts */ = {
			isa = PBXGroup;
			children = (
				57A3C4EF2424C24200AB0219 /* .gitkeep */,
				57A3C50F2424C24200AB0219 /* Fonts.swift */,
			);
			path = Fonts;
			sourceTree = "<group>";
		};
		57A3C4F52424C24200AB0219 /* Library */ = {
			isa = PBXGroup;
			children = (
				57A3C53D2424E3C400AB0219 /* Enums */,
				57A3C4F62424C24200AB0219 /* Base Classes */,
				57A3C4F82424C24200AB0219 /* Utils */,
				57A3C4FA2424C24200AB0219 /* Extensions */,
				57A3C4FC2424C24200AB0219 /* Reusable Layer */,
				57A3C4FE2424C24200AB0219 /* Protocols */,
				57A3C5002424C24200AB0219 /* Routers */,
			);
			path = Library;
			sourceTree = "<group>";
		};
		57A3C4F62424C24200AB0219 /* Base Classes */ = {
			isa = PBXGroup;
			children = (
				57A3C51D2424C24200AB0219 /* BaseCoordinator.swift */,
				57A3C5392424DA4E00AB0219 /* DefaultNavigationController.swift */,
			);
			path = "Base Classes";
			sourceTree = "<group>";
		};
		57A3C4F82424C24200AB0219 /* Utils */ = {
			isa = PBXGroup;
			children = (
				57A3C4F92424C24200AB0219 /* .gitkeep */,
			);
			path = Utils;
			sourceTree = "<group>";
		};
		57A3C4FA2424C24200AB0219 /* Extensions */ = {
			isa = PBXGroup;
			children = (
				57A3C51F2424C24200AB0219 /* UIKit */,
			);
			path = Extensions;
			sourceTree = "<group>";
		};
		57A3C4FC2424C24200AB0219 /* Reusable Layer */ = {
			isa = PBXGroup;
			children = (
				57A3C4FD2424C24200AB0219 /* .gitkeep */,
			);
			path = "Reusable Layer";
			sourceTree = "<group>";
		};
		57A3C4FE2424C24200AB0219 /* Protocols */ = {
			isa = PBXGroup;
			children = (
				57A3C4FF2424C24200AB0219 /* .gitkeep */,
				57A3C5222424C24200AB0219 /* Coordinator.swift */,
				57A3C5242424C24200AB0219 /* Presentable.swift */,
				57A3C5262424C24200AB0219 /* Router.swift */,
			);
			path = Protocols;
			sourceTree = "<group>";
		};
		57A3C5002424C24200AB0219 /* Routers */ = {
			isa = PBXGroup;
			children = (
				57A3C5012424C24200AB0219 /* .gitkeep */,
				57A3C5282424C24200AB0219 /* MainRouter.swift */,
			);
			path = Routers;
			sourceTree = "<group>";
		};
		57A3C5022424C24200AB0219 /* Application */ = {
			isa = PBXGroup;
			children = (
				57A3C52E2424C24200AB0219 /* Info.plist */,
				57A3C5032424C24200AB0219 /* LaunchScreen.xib */,
				57A3C5072424C24200AB0219 /* AppDelegate.swift */,
				57A3C52A2424C24200AB0219 /* DeepLinkOption.swift */,
			);
			path = Application;
			sourceTree = "<group>";
		};
		57A3C5092424C24200AB0219 /* Flows */ = {
			isa = PBXGroup;
			children = (
				AE2177796B04CE025A9A979A /* Main */,
			);
			path = Flows;
			sourceTree = "<group>";
		};
		57A3C5132424C24200AB0219 /* Colors */ = {
			isa = PBXGroup;
			children = (
				57A3C5142424C24200AB0219 /* Colors.swift */,
			);
			path = Colors;
			sourceTree = "<group>";
		};
		57A3C51F2424C24200AB0219 /* UIKit */ = {
			isa = PBXGroup;
			children = (
				57A3C5202424C24200AB0219 /* UIApplication.swift */,
				57A3C53B2424DB8900AB0219 /* NavigationBar.swift */,
			);
			path = UIKit;
			sourceTree = "<group>";
		};
		57A3C5342424D0AA00AB0219 /* Cells */ = {
			isa = PBXGroup;
			children = (
				57A3C5352424D0CD00AB0219 /* MainFeedCell.swift */,
				57A3C5362424D0CD00AB0219 /* MainFeedCell.xib */,
			);
			path = Cells;
			sourceTree = "<group>";
		};
		57A3C53D2424E3C400AB0219 /* Enums */ = {
			isa = PBXGroup;
			children = (
				57A3C53E2424E40300AB0219 /* OTPFieldType.swift */,
			);
			path = Enums;
			sourceTree = "<group>";
		};
		60B639A380647D6F4449A53E /* Presenter */ = {
			isa = PBXGroup;
			children = (
				7D1DBA564130BD0BFF71D428 /* RoundOtpFieldPresenter.swift */,
				68F0DBF8FF2865F3224162A3 /* RoundOtpFieldModuleInput.swift */,
				32474AD4500B94775CE530BF /* RoundOtpFieldModuleOutput.swift */,
			);
			name = Presenter;
			path = Presenter;
			sourceTree = "<group>";
		};
		6B4C25A120535D64C5729558 /* Frameworks */ = {
			isa = PBXGroup;
			children = (
				F69E57C2075530B634AD9041 /* Pods_OTPTextFieldExample.framework */,
			);
			name = Frameworks;
			sourceTree = "<group>";
		};
		8D3FA10E9A10213A97F24872 /* Presenter */ = {
			isa = PBXGroup;
			children = (
				614ADB3A4C81BA429FD7787D /* MainPresenter.swift */,
				808CBF6C8958F8703053E6A0 /* MainModuleInput.swift */,
				0E711291C3F0B6B2B5128571 /* MainModuleOutput.swift */,
			);
			path = Presenter;
			sourceTree = "<group>";
		};
		A96C53A3E9593A37A5F28639 /* Main */ = {
			isa = PBXGroup;
			children = (
				1B65ACC9905FF90D9BD1E218 /* Configurator */,
				8D3FA10E9A10213A97F24872 /* Presenter */,
				0B17B65A0A5487A1307A5672 /* View */,
			);
			path = Main;
			sourceTree = "<group>";
		};
		AE2177796B04CE025A9A979A /* Main */ = {
			isa = PBXGroup;
			children = (
				1235D35CF71609F099221E45 /* MainCoordinator.swift */,
				D0491F7553925E0D85199469 /* MainCoordinatorOutput.swift */,
				A96C53A3E9593A37A5F28639 /* Main */,
				BE3E3B97887C20FDD0908D30 /* DefaultOtpField */,
				E1D0933759E6C245FF2FA945 /* RoundOtpField */,
			);
			path = Main;
			sourceTree = "<group>";
		};
		BE3E3B97887C20FDD0908D30 /* DefaultOtpField */ = {
			isa = PBXGroup;
			children = (
				C743FB91A673521CE9717FCA /* Configurator */,
				0F01ACF1FE4FCCEE5AE892F0 /* Presenter */,
				D8AAD1241AE1522A1640E781 /* View */,
			);
			path = DefaultOtpField;
			sourceTree = "<group>";
		};
		C743FB91A673521CE9717FCA /* Configurator */ = {
			isa = PBXGroup;
			children = (
				991AB6889B70466D5CCFA447 /* DefaultOtpFieldModuleConfigurator.swift */,
			);
			path = Configurator;
			sourceTree = "<group>";
		};
		D0179C7C7DC344ABCA434D1C /* Pods */ = {
			isa = PBXGroup;
			children = (
				0D4C4C5327893CCA644C90B7 /* Pods-OTPTextFieldExample.debug.xcconfig */,
				971FAE21CFA4F4CF77C84DD3 /* Pods-OTPTextFieldExample.release.xcconfig */,
			);
			path = Pods;
			sourceTree = "<group>";
		};
		D8AAD1241AE1522A1640E781 /* View */ = {
			isa = PBXGroup;
			children = (
				1D05466F945EB81009602C58 /* DefaultOtpFieldViewController.swift */,
				061EA15C38C9EDA1CE279C86 /* DefaultOtpFieldViewController.xib */,
				AF50A6EC8E2439317848F018 /* DefaultOtpFieldViewInput.swift */,
				38B7ACAE5BA796C9B2AAEF07 /* DefaultOtpFieldViewOutput.swift */,
			);
			path = View;
			sourceTree = "<group>";
		};
		E1D0933759E6C245FF2FA945 /* RoundOtpField */ = {
			isa = PBXGroup;
			children = (
				5336BD0683B487E497BA0751 /* Configurator */,
				60B639A380647D6F4449A53E /* Presenter */,
				E6628D531622C83CBF6B6859 /* View */,
			);
			name = RoundOtpField;
			path = RoundOtpField;
			sourceTree = "<group>";
		};
		E6628D531622C83CBF6B6859 /* View */ = {
			isa = PBXGroup;
			children = (
				63A8DC00DF40FAEBD9C3E954 /* RoundOtpFieldViewController.swift */,
				AADF29673AE68CF2B7014090 /* RoundOtpFieldViewController.xib */,
				2F7E12AB4F34BD070E8CEA49 /* RoundOtpFieldViewInput.swift */,
				0BC83CFFADF8632C5AC45AE4 /* RoundOtpFieldViewOutput.swift */,
			);
			name = View;
			path = View;
			sourceTree = "<group>";
		};
/* End PBXGroup section */

/* Begin PBXNativeTarget section */
		57A3C4D62424C24100AB0219 /* OTPTextFieldExample */ = {
			isa = PBXNativeTarget;
			buildConfigurationList = 57A3C5312424C24200AB0219 /* Build configuration list for PBXNativeTarget "OTPTextFieldExample" */;
			buildPhases = (
				FAF207BC9816C37F8DBD3073 /* [CP] Check Pods Manifest.lock */,
				57A3C4D42424C24100AB0219 /* Swift Lint */,
				57A3C4D52424C24100AB0219 /* Swift Gen */,
				57A3C4D12424C24100AB0219 /* Sources */,
				57A3C4D22424C24100AB0219 /* Frameworks */,
				57A3C4D32424C24100AB0219 /* Resources */,
				BE10D08437BF7C2DDE3ED4B8 /* [CP] Embed Pods Frameworks */,
			);
			buildRules = (
			);
			dependencies = (
			);
			name = OTPTextFieldExample;
			productName = OTPTextFieldExample;
			productReference = 57A3C4D72424C24100AB0219 /* OTPTextFieldExample.app */;
			productType = "com.apple.product-type.application";
		};
/* End PBXNativeTarget section */

/* Begin PBXProject section */
		57A3C4CD2424C24100AB0219 /* Project object */ = {
			isa = PBXProject;
			attributes = {
				LastSwiftUpdateCheck = 1130;
				LastUpgradeCheck = 1130;
				ORGANIZATIONNAME = Fixique;
				TargetAttributes = {
					57A3C4D62424C24100AB0219 = {
						CreatedOnToolsVersion = 11.3;
					};
				};
			};
			buildConfigurationList = 57A3C4D02424C24100AB0219 /* Build configuration list for PBXProject "OTPTextFieldExample" */;
			compatibilityVersion = "Xcode 9.3";
			developmentRegion = en;
			hasScannedForEncodings = 0;
			knownRegions = (
				en,
				Base,
			);
			mainGroup = 57A3C4CC2424C24100AB0219;
			productRefGroup = 57A3C4D82424C24100AB0219 /* Products */;
			projectDirPath = "";
			projectRoot = "";
			targets = (
				57A3C4D62424C24100AB0219 /* OTPTextFieldExample */,
			);
		};
/* End PBXProject section */

/* Begin PBXResourcesBuildPhase section */
		57A3C4D32424C24100AB0219 /* Resources */ = {
			isa = PBXResourcesBuildPhase;
			buildActionMask = 2147483647;
			files = (
				57A3C5042424C24200AB0219 /* LaunchScreen.xib in Resources */,
				57A3C50C2424C24200AB0219 /* Localizable.strings in Resources */,
				57A3C5062424C24200AB0219 /* Assets.xcassets in Resources */,
				57A3C5382424D0CD00AB0219 /* MainFeedCell.xib in Resources */,
				C6253E0E92CDEB1A18E4AF53 /* MainViewController.xib in Resources */,
				976B5C0B1566BB6782850930 /* DefaultOtpFieldViewController.xib in Resources */,
				43B2697ACDDF66A9A92D78EF /* RoundOtpFieldViewController.xib in Resources */,
			);
			runOnlyForDeploymentPostprocessing = 0;
		};
/* End PBXResourcesBuildPhase section */

/* Begin PBXShellScriptBuildPhase section */
		57A3C4D42424C24100AB0219 /* Swift Lint */ = {
			isa = PBXShellScriptBuildPhase;
			buildActionMask = 2147483647;
			files = (
			);
			inputFileListPaths = (
			);
			inputPaths = (
			);
			name = "Swift Lint";
			outputFileListPaths = (
			);
			outputPaths = (
			);
			runOnlyForDeploymentPostprocessing = 0;
			shellPath = /bin/sh;
			shellScript = "${SRCROOT}/Pods/SwiftLint/swiftlint --config \"${SRCROOT}/.swiftlint.yml\"";
		};
		57A3C4D52424C24100AB0219 /* Swift Gen */ = {
			isa = PBXShellScriptBuildPhase;
			buildActionMask = 2147483647;
			files = (
			);
			inputFileListPaths = (
			);
			inputPaths = (
			);
			name = "Swift Gen";
			outputFileListPaths = (
			);
			outputPaths = (
			);
			runOnlyForDeploymentPostprocessing = 0;
			shellPath = /bin/sh;
			shellScript = "${SRCROOT}/Pods/SwiftGen/bin/swiftgen";
		};
		BE10D08437BF7C2DDE3ED4B8 /* [CP] Embed Pods Frameworks */ = {
			isa = PBXShellScriptBuildPhase;
			buildActionMask = 2147483647;
			files = (
			);
			inputFileListPaths = (
				"${PODS_ROOT}/Target Support Files/Pods-OTPTextFieldExample/Pods-OTPTextFieldExample-frameworks-${CONFIGURATION}-input-files.xcfilelist",
			);
			name = "[CP] Embed Pods Frameworks";
			outputFileListPaths = (
				"${PODS_ROOT}/Target Support Files/Pods-OTPTextFieldExample/Pods-OTPTextFieldExample-frameworks-${CONFIGURATION}-output-files.xcfilelist",
			);
			runOnlyForDeploymentPostprocessing = 0;
			shellPath = /bin/sh;
			shellScript = "\"${PODS_ROOT}/Target Support Files/Pods-OTPTextFieldExample/Pods-OTPTextFieldExample-frameworks.sh\"\n";
			showEnvVarsInLog = 0;
		};
		FAF207BC9816C37F8DBD3073 /* [CP] Check Pods Manifest.lock */ = {
			isa = PBXShellScriptBuildPhase;
			buildActionMask = 2147483647;
			files = (
			);
			inputFileListPaths = (
			);
			inputPaths = (
				"${PODS_PODFILE_DIR_PATH}/Podfile.lock",
				"${PODS_ROOT}/Manifest.lock",
			);
			name = "[CP] Check Pods Manifest.lock";
			outputFileListPaths = (
			);
			outputPaths = (
				"$(DERIVED_FILE_DIR)/Pods-OTPTextFieldExample-checkManifestLockResult.txt",
			);
			runOnlyForDeploymentPostprocessing = 0;
			shellPath = /bin/sh;
			shellScript = "diff \"${PODS_PODFILE_DIR_PATH}/Podfile.lock\" \"${PODS_ROOT}/Manifest.lock\" > /dev/null\nif [ $? != 0 ] ; then\n    # print error to STDERR\n    echo \"error: The sandbox is not in sync with the Podfile.lock. Run 'pod install' or update your CocoaPods installation.\" >&2\n    exit 1\nfi\n# This output is used by Xcode 'outputs' to avoid re-running this script phase.\necho \"SUCCESS\" > \"${SCRIPT_OUTPUT_FILE_0}\"\n";
			showEnvVarsInLog = 0;
		};
/* End PBXShellScriptBuildPhase section */

/* Begin PBXSourcesBuildPhase section */
		57A3C4D12424C24100AB0219 /* Sources */ = {
			isa = PBXSourcesBuildPhase;
			buildActionMask = 2147483647;
			files = (
				57A3C5232424C24200AB0219 /* Coordinator.swift in Sources */,
				57A3C50E2424C24200AB0219 /* Assets.swift in Sources */,
				57A3C5272424C24200AB0219 /* Router.swift in Sources */,
				57A3C53A2424DA4E00AB0219 /* DefaultNavigationController.swift in Sources */,
				57A3C5212424C24200AB0219 /* UIApplication.swift in Sources */,
				57A3C52B2424C24200AB0219 /* DeepLinkOption.swift in Sources */,
				57A3C53F2424E40300AB0219 /* OTPFieldType.swift in Sources */,
				57A3C51E2424C24200AB0219 /* BaseCoordinator.swift in Sources */,
				57A3C5152424C24200AB0219 /* Colors.swift in Sources */,
				57A3C5102424C24200AB0219 /* Fonts.swift in Sources */,
				57A3C5372424D0CD00AB0219 /* MainFeedCell.swift in Sources */,
				57A3C5122424C24200AB0219 /* Strings.swift in Sources */,
				57A3C53C2424DB8900AB0219 /* NavigationBar.swift in Sources */,
				57A3C5082424C24200AB0219 /* AppDelegate.swift in Sources */,
				57A3C5292424C24200AB0219 /* MainRouter.swift in Sources */,
				57A3C5252424C24200AB0219 /* Presentable.swift in Sources */,
				001EBC7F44EC7BDB090F32C3 /* MainCoordinator.swift in Sources */,
				5DF4C5792F5CD3BD5D8F55CF /* MainCoordinatorOutput.swift in Sources */,
				3CF50EEB7FB8EDF784F4DCA4 /* MainModuleConfigurator.swift in Sources */,
				8F3EEC6313FFB239DF818EBF /* MainPresenter.swift in Sources */,
				D1D05B03DF366920C8F0FBA0 /* MainModuleInput.swift in Sources */,
				40F0977EBC72C8BB52B69963 /* MainModuleOutput.swift in Sources */,
				180D168CE1B8D4130F477FF8 /* MainViewController.swift in Sources */,
				91146BECA3B9CFBF175DE150 /* MainViewInput.swift in Sources */,
				E691FF674C33DF091FAB19E1 /* MainViewOutput.swift in Sources */,
				3A6087EA2DA78E246EA1FF3F /* DefaultOtpFieldModuleConfigurator.swift in Sources */,
				5E824DAA59DBB623B4F0F955 /* DefaultOtpFieldPresenter.swift in Sources */,
				3BB5B81EA6EB621E1A2860C3 /* DefaultOtpFieldModuleInput.swift in Sources */,
				72482672A5B450642912F030 /* DefaultOtpFieldModuleOutput.swift in Sources */,
				8FEBC87D02C3174AB77DDB2F /* DefaultOtpFieldViewController.swift in Sources */,
				2D459EBDD8DD0A26C3EDA746 /* DefaultOtpFieldViewInput.swift in Sources */,
				E445DA4B607394CFB2E1B2C8 /* DefaultOtpFieldViewOutput.swift in Sources */,
				E4D2CCCFB823793CDD940791 /* RoundOtpFieldModuleConfigurator.swift in Sources */,
				9C648A4F8548454B9FE4CAB5 /* RoundOtpFieldPresenter.swift in Sources */,
				66523596D246DA6649612683 /* RoundOtpFieldModuleInput.swift in Sources */,
				F3084921EFEA474E604D1F45 /* RoundOtpFieldModuleOutput.swift in Sources */,
				D5A03890F6B9FAD936A09DC1 /* RoundOtpFieldViewController.swift in Sources */,
				CAC3D298694BD31552046405 /* RoundOtpFieldViewInput.swift in Sources */,
				C21262617191C7E963148455 /* RoundOtpFieldViewOutput.swift in Sources */,
			);
			runOnlyForDeploymentPostprocessing = 0;
		};
/* End PBXSourcesBuildPhase section */

/* Begin XCBuildConfiguration section */
		57A3C52F2424C24200AB0219 /* Debug */ = {
			isa = XCBuildConfiguration;
			buildSettings = {
				ALWAYS_SEARCH_USER_PATHS = NO;
				CLANG_ANALYZER_NONNULL = YES;
				CLANG_ANALYZER_NUMBER_OBJECT_CONVERSION = YES_AGGRESSIVE;
				CLANG_CXX_LANGUAGE_STANDARD = "gnu++14";
				CLANG_CXX_LIBRARY = "libc++";
				CLANG_ENABLE_MODULES = YES;
				CLANG_ENABLE_OBJC_ARC = YES;
				CLANG_ENABLE_OBJC_WEAK = YES;
				CLANG_WARN_BLOCK_CAPTURE_AUTORELEASING = YES;
				CLANG_WARN_BOOL_CONVERSION = YES;
				CLANG_WARN_COMMA = YES;
				CLANG_WARN_CONSTANT_CONVERSION = YES;
				CLANG_WARN_DEPRECATED_OBJC_IMPLEMENTATIONS = YES;
				CLANG_WARN_DIRECT_OBJC_ISA_USAGE = YES_ERROR;
				CLANG_WARN_DOCUMENTATION_COMMENTS = YES;
				CLANG_WARN_EMPTY_BODY = YES;
				CLANG_WARN_ENUM_CONVERSION = YES;
				CLANG_WARN_INFINITE_RECURSION = YES;
				CLANG_WARN_INT_CONVERSION = YES;
				CLANG_WARN_NON_LITERAL_NULL_CONVERSION = YES;
				CLANG_WARN_OBJC_IMPLICIT_RETAIN_SELF = YES;
				CLANG_WARN_OBJC_LITERAL_CONVERSION = YES;
				CLANG_WARN_OBJC_ROOT_CLASS = YES_ERROR;
				CLANG_WARN_RANGE_LOOP_ANALYSIS = YES;
				CLANG_WARN_STRICT_PROTOTYPES = YES;
				CLANG_WARN_SUSPICIOUS_MOVE = YES;
				CLANG_WARN_UNGUARDED_AVAILABILITY = YES_AGGRESSIVE;
				CLANG_WARN_UNREACHABLE_CODE = YES;
				CLANG_WARN__DUPLICATE_METHOD_MATCH = YES;
				COPY_PHASE_STRIP = NO;
				DEBUG_INFORMATION_FORMAT = dwarf;
				ENABLE_STRICT_OBJC_MSGSEND = YES;
				ENABLE_TESTABILITY = YES;
				GCC_C_LANGUAGE_STANDARD = gnu11;
				GCC_DYNAMIC_NO_PIC = NO;
				GCC_NO_COMMON_BLOCKS = YES;
				GCC_OPTIMIZATION_LEVEL = 0;
				GCC_PREPROCESSOR_DEFINITIONS = (
					"DEBUG=1",
					"$(inherited)",
				);
				GCC_WARN_64_TO_32_BIT_CONVERSION = YES;
				GCC_WARN_ABOUT_RETURN_TYPE = YES_ERROR;
				GCC_WARN_UNDECLARED_SELECTOR = YES;
				GCC_WARN_UNINITIALIZED_AUTOS = YES_AGGRESSIVE;
				GCC_WARN_UNUSED_FUNCTION = YES;
				GCC_WARN_UNUSED_VARIABLE = YES;
				IPHONEOS_DEPLOYMENT_TARGET = 11.0;
				MTL_ENABLE_DEBUG_INFO = INCLUDE_SOURCE;
				MTL_FAST_MATH = YES;
				ONLY_ACTIVE_ARCH = YES;
				SDKROOT = iphoneos;
				SWIFT_ACTIVE_COMPILATION_CONDITIONS = DEBUG;
				SWIFT_OPTIMIZATION_LEVEL = "-Onone";
			};
			name = Debug;
		};
		57A3C5302424C24200AB0219 /* Release */ = {
			isa = XCBuildConfiguration;
			buildSettings = {
				ALWAYS_SEARCH_USER_PATHS = NO;
				CLANG_ANALYZER_NONNULL = YES;
				CLANG_ANALYZER_NUMBER_OBJECT_CONVERSION = YES_AGGRESSIVE;
				CLANG_CXX_LANGUAGE_STANDARD = "gnu++14";
				CLANG_CXX_LIBRARY = "libc++";
				CLANG_ENABLE_MODULES = YES;
				CLANG_ENABLE_OBJC_ARC = YES;
				CLANG_ENABLE_OBJC_WEAK = YES;
				CLANG_WARN_BLOCK_CAPTURE_AUTORELEASING = YES;
				CLANG_WARN_BOOL_CONVERSION = YES;
				CLANG_WARN_COMMA = YES;
				CLANG_WARN_CONSTANT_CONVERSION = YES;
				CLANG_WARN_DEPRECATED_OBJC_IMPLEMENTATIONS = YES;
				CLANG_WARN_DIRECT_OBJC_ISA_USAGE = YES_ERROR;
				CLANG_WARN_DOCUMENTATION_COMMENTS = YES;
				CLANG_WARN_EMPTY_BODY = YES;
				CLANG_WARN_ENUM_CONVERSION = YES;
				CLANG_WARN_INFINITE_RECURSION = YES;
				CLANG_WARN_INT_CONVERSION = YES;
				CLANG_WARN_NON_LITERAL_NULL_CONVERSION = YES;
				CLANG_WARN_OBJC_IMPLICIT_RETAIN_SELF = YES;
				CLANG_WARN_OBJC_LITERAL_CONVERSION = YES;
				CLANG_WARN_OBJC_ROOT_CLASS = YES_ERROR;
				CLANG_WARN_RANGE_LOOP_ANALYSIS = YES;
				CLANG_WARN_STRICT_PROTOTYPES = YES;
				CLANG_WARN_SUSPICIOUS_MOVE = YES;
				CLANG_WARN_UNGUARDED_AVAILABILITY = YES_AGGRESSIVE;
				CLANG_WARN_UNREACHABLE_CODE = YES;
				CLANG_WARN__DUPLICATE_METHOD_MATCH = YES;
				COPY_PHASE_STRIP = NO;
				DEBUG_INFORMATION_FORMAT = "dwarf-with-dsym";
				ENABLE_NS_ASSERTIONS = NO;
				ENABLE_STRICT_OBJC_MSGSEND = YES;
				GCC_C_LANGUAGE_STANDARD = gnu11;
				GCC_NO_COMMON_BLOCKS = YES;
				GCC_WARN_64_TO_32_BIT_CONVERSION = YES;
				GCC_WARN_ABOUT_RETURN_TYPE = YES_ERROR;
				GCC_WARN_UNDECLARED_SELECTOR = YES;
				GCC_WARN_UNINITIALIZED_AUTOS = YES_AGGRESSIVE;
				GCC_WARN_UNUSED_FUNCTION = YES;
				GCC_WARN_UNUSED_VARIABLE = YES;
				IPHONEOS_DEPLOYMENT_TARGET = 11.0;
				MTL_ENABLE_DEBUG_INFO = NO;
				MTL_FAST_MATH = YES;
				SDKROOT = iphoneos;
				SWIFT_COMPILATION_MODE = wholemodule;
				SWIFT_OPTIMIZATION_LEVEL = "-O";
				VALIDATE_PRODUCT = YES;
			};
			name = Release;
		};
		57A3C5322424C24200AB0219 /* Debug */ = {
			isa = XCBuildConfiguration;
			baseConfigurationReference = 0D4C4C5327893CCA644C90B7 /* Pods-OTPTextFieldExample.debug.xcconfig */;
			buildSettings = {
				ASSETCATALOG_COMPILER_APPICON_NAME = AppIcon;
				CODE_SIGN_STYLE = Automatic;
				DEVELOPMENT_TEAM = 3QP2FRGX8M;
				INFOPLIST_FILE = OTPTextFieldExample/Application/Info.plist;
				LD_RUNPATH_SEARCH_PATHS = (
					"$(inherited)",
					"@executable_path/Frameworks",
				);
				PRODUCT_BUNDLE_IDENTIFIER = ru.fixique.OTPTextFieldExample;
				PRODUCT_NAME = "$(TARGET_NAME)";
				SWIFT_VERSION = 5.0;
				TARGETED_DEVICE_FAMILY = "1,2";
			};
			name = Debug;
		};
		57A3C5332424C24200AB0219 /* Release */ = {
			isa = XCBuildConfiguration;
			baseConfigurationReference = 971FAE21CFA4F4CF77C84DD3 /* Pods-OTPTextFieldExample.release.xcconfig */;
			buildSettings = {
				ASSETCATALOG_COMPILER_APPICON_NAME = AppIcon;
				CODE_SIGN_STYLE = Automatic;
				DEVELOPMENT_TEAM = 3QP2FRGX8M;
				INFOPLIST_FILE = OTPTextFieldExample/Application/Info.plist;
				LD_RUNPATH_SEARCH_PATHS = (
					"$(inherited)",
					"@executable_path/Frameworks",
				);
				PRODUCT_BUNDLE_IDENTIFIER = ru.fixique.OTPTextFieldExample;
				PRODUCT_NAME = "$(TARGET_NAME)";
				SWIFT_VERSION = 5.0;
				TARGETED_DEVICE_FAMILY = "1,2";
			};
			name = Release;
		};
/* End XCBuildConfiguration section */

/* Begin XCConfigurationList section */
		57A3C4D02424C24100AB0219 /* Build configuration list for PBXProject "OTPTextFieldExample" */ = {
			isa = XCConfigurationList;
			buildConfigurations = (
				57A3C52F2424C24200AB0219 /* Debug */,
				57A3C5302424C24200AB0219 /* Release */,
			);
			defaultConfigurationIsVisible = 0;
			defaultConfigurationName = Release;
		};
		57A3C5312424C24200AB0219 /* Build configuration list for PBXNativeTarget "OTPTextFieldExample" */ = {
			isa = XCConfigurationList;
			buildConfigurations = (
				57A3C5322424C24200AB0219 /* Debug */,
				57A3C5332424C24200AB0219 /* Release */,
			);
			defaultConfigurationIsVisible = 0;
			defaultConfigurationName = Release;
		};
/* End XCConfigurationList section */
	};
	rootObject = 57A3C4CD2424C24100AB0219 /* Project object */;
}
